
Microsoft Visual Studio Solution File, Format Version 12.00
# Visual Studio Version 16
VisualStudioVersion = 16.0.31025.194
MinimumVisualStudioVersion = 10.0.40219.1
Project("{FAE04EC0-301F-11D3-BF4B-00C04F79EFBC}") = "Test psaní 19.3", "Test psaní 19.3\Test psaní 19.3.csproj", "{1742DAA7-073B-4132-8B6F-063C1173E053}"
EndProject
Global
	GlobalSection(SolutionConfigurationPlatforms) = preSolution
		Debug|Any CPU = Debug|Any CPU
		Release|Any CPU = Release|Any CPU
	EndGlobalSection
	GlobalSection(ProjectConfigurationPlatforms) = postSolution
		{1742DAA7-073B-4132-8B6F-063C1173E053}.Debug|Any CPU.ActiveCfg = Debug|Any CPU
		{1742DAA7-073B-4132-8B6F-063C1173E053}.Debug|Any CPU.Build.0 = Debug|Any CPU
		{1742DAA7-073B-4132-8B6F-063C1173E053}.Release|Any CPU.ActiveCfg = Release|Any CPU
		{1742DAA7-073B-4132-8B6F-063C1173E053}.Release|Any CPU.Build.0 = Release|Any CPU
	EndGlobalSection
	GlobalSection(SolutionProperties) = preSolution
		HideSolutionNode = FALSE
	EndGlobalSection
	GlobalSection(ExtensibilityGlobals) = postSolution
		SolutionGuid = {FB0B3E10-44B9-42FE-BCA0-7524451E67E5}
	EndGlobalSection
EndGlobal
